
Microsoft Visual Studio Solution File, Format Version 9.00
# Visual Studio 2005
Project("{FAE04EC0-301F-11D3-BF4B-00C04F79EFBC}") = "Reports", "..\Reports\Reports.csproj", "{3151A2D7-510E-4645-A03F-E5394862FD80}"
EndProject
Project("{FAE04EC0-301F-11D3-BF4B-00C04F79EFBC}") = "ApplicationStarter", "..\ApplicationStarter\ApplicationStarter.csproj", "{2FF47E9C-6D0F-4A70-967A-396CFB498EE7}"
	ProjectSection(ProjectDependencies) = postProject
		{468E6722-051D-4E6D-ADFF-C8C2069B5B02} = {468E6722-051D-4E6D-ADFF-C8C2069B5B02}
		{A0B7CC31-44B4-486C-8263-611F8EBB22B2} = {A0B7CC31-44B4-486C-8263-611F8EBB22B2}
		{FD0B0A3B-9FD1-40A5-ADC1-ECE8D12F6704} = {FD0B0A3B-9FD1-40A5-ADC1-ECE8D12F6704}
		{91586976-632E-4450-8FFF-453BC17E79C9} = {91586976-632E-4450-8FFF-453BC17E79C9}
		{539EC076-B893-4184-9EA6-33F7105936FF} = {539EC076-B893-4184-9EA6-33F7105936FF}
		{C2C9279C-431A-4D2D-A35F-918E81692BE0} = {C2C9279C-431A-4D2D-A35F-918E81692BE0}
		{557A6DA4-5B7A-42FC-B97C-BA5D1308A934} = {557A6DA4-5B7A-42FC-B97C-BA5D1308A934}
		{0AD32BB7-EB53-4A33-BE53-C9648ED9C925} = {0AD32BB7-EB53-4A33-BE53-C9648ED9C925}
		{3151A2D7-510E-4645-A03F-E5394862FD80} = {3151A2D7-510E-4645-A03F-E5394862FD80}
		{75A218E5-2C45-4CD1-8BC4-0BC385C8B187} = {75A218E5-2C45-4CD1-8BC4-0BC385C8B187}
		{115CB2F7-D2F9-4402-9032-95056DA25528} = {115CB2F7-D2F9-4402-9032-95056DA25528}
		{25C5F1FA-A6FD-4578-AA6D-97C5BA671258} = {25C5F1FA-A6FD-4578-AA6D-97C5BA671258}
	EndProjectSection
EndProject
Project("{FAE04EC0-301F-11D3-BF4B-00C04F79EFBC}") = "ApplicationManager", "..\ApplicationManager\ApplicationManager.csproj", "{C2C9279C-431A-4D2D-A35F-918E81692BE0}"
	ProjectSection(ProjectDependencies) = postProject
		{468E6722-051D-4E6D-ADFF-C8C2069B5B02} = {468E6722-051D-4E6D-ADFF-C8C2069B5B02}
		{A0B7CC31-44B4-486C-8263-611F8EBB22B2} = {A0B7CC31-44B4-486C-8263-611F8EBB22B2}
		{FD0B0A3B-9FD1-40A5-ADC1-ECE8D12F6704} = {FD0B0A3B-9FD1-40A5-ADC1-ECE8D12F6704}
		{91586976-632E-4450-8FFF-453BC17E79C9} = {91586976-632E-4450-8FFF-453BC17E79C9}
		{539EC076-B893-4184-9EA6-33F7105936FF} = {539EC076-B893-4184-9EA6-33F7105936FF}
		{557A6DA4-5B7A-42FC-B97C-BA5D1308A934} = {557A6DA4-5B7A-42FC-B97C-BA5D1308A934}
		{0AD32BB7-EB53-4A33-BE53-C9648ED9C925} = {0AD32BB7-EB53-4A33-BE53-C9648ED9C925}
		{3151A2D7-510E-4645-A03F-E5394862FD80} = {3151A2D7-510E-4645-A03F-E5394862FD80}
		{75A218E5-2C45-4CD1-8BC4-0BC385C8B187} = {75A218E5-2C45-4CD1-8BC4-0BC385C8B187}
		{115CB2F7-D2F9-4402-9032-95056DA25528} = {115CB2F7-D2F9-4402-9032-95056DA25528}
		{25C5F1FA-A6FD-4578-AA6D-97C5BA671258} = {25C5F1FA-A6FD-4578-AA6D-97C5BA671258}
	EndProjectSection
EndProject
Project("{FAE04EC0-301F-11D3-BF4B-00C04F79EFBC}") = "ConfigurationHotel", "..\Configuration\ConfigurationHotel.csproj", "{75A218E5-2C45-4CD1-8BC4-0BC385C8B187}"
EndProject
Project("{FAE04EC0-301F-11D3-BF4B-00C04F79EFBC}") = "Reservation", "..\Reservation\Reservation.csproj", "{25C5F1FA-A6FD-4578-AA6D-97C5BA671258}"
	ProjectSection(ProjectDependencies) = postProject
		{468E6722-051D-4E6D-ADFF-C8C2069B5B02} = {468E6722-051D-4E6D-ADFF-C8C2069B5B02}
		{FD0B0A3B-9FD1-40A5-ADC1-ECE8D12F6704} = {FD0B0A3B-9FD1-40A5-ADC1-ECE8D12F6704}
		{75A218E5-2C45-4CD1-8BC4-0BC385C8B187} = {75A218E5-2C45-4CD1-8BC4-0BC385C8B187}
	EndProjectSection
EndProject
Project("{FAE04EC0-301F-11D3-BF4B-00C04F79EFBC}") = "BusinessSharedClasses", "..\BusinessSharedClasses\BusinessSharedClasses.csproj", "{FD0B0A3B-9FD1-40A5-ADC1-ECE8D12F6704}"
EndProject
Project("{FAE04EC0-301F-11D3-BF4B-00C04F79EFBC}") = "Security", "..\Security\Security.csproj", "{468E6722-051D-4E6D-ADFF-C8C2069B5B02}"
EndProject
Project("{FAE04EC0-301F-11D3-BF4B-00C04F79EFBC}") = "Cashier", "..\Cashier\Cashier.csproj", "{0AD32BB7-EB53-4A33-BE53-C9648ED9C925}"
EndProject
Project("{FAE04EC0-301F-11D3-BF4B-00C04F79EFBC}") = "NightAudit", "..\Night Audit\NightAudit.csproj", "{539EC076-B893-4184-9EA6-33F7105936FF}"
EndProject
Project("{FAE04EC0-301F-11D3-BF4B-00C04F79EFBC}") = "Accounts", "..\Accounts\Accounts.csproj", "{A0B7CC31-44B4-486C-8263-611F8EBB22B2}"
EndProject
Project("{FAE04EC0-301F-11D3-BF4B-00C04F79EFBC}") = "Services", "..\Services\Services.csproj", "{557A6DA4-5B7A-42FC-B97C-BA5D1308A934}"
EndProject
Project("{FAE04EC0-301F-11D3-BF4B-00C04F79EFBC}") = "AccountingInterface", "..\AccountingInterface\AccountingInterface.csproj", "{115CB2F7-D2F9-4402-9032-95056DA25528}"
EndProject
Project("{FAE04EC0-301F-11D3-BF4B-00C04F79EFBC}") = "Utilities", "..\Utilities\Utilities.csproj", "{91586976-632E-4450-8FFF-453BC17E79C9}"
EndProject
Project("{FAE04EC0-301F-11D3-BF4B-00C04F79EFBC}") = "Integrations", "..\Integrations\Integrations.csproj", "{52CF68CF-5790-4202-A139-8A425A20A576}"
EndProject
Global
	GlobalSection(SolutionConfigurationPlatforms) = preSolution
		Debug|Any CPU = Debug|Any CPU
		Release|Any CPU = Release|Any CPU
	EndGlobalSection
	GlobalSection(ProjectConfigurationPlatforms) = postSolution
		{3151A2D7-510E-4645-A03F-E5394862FD80}.Debug|Any CPU.ActiveCfg = Debug|Any CPU
		{3151A2D7-510E-4645-A03F-E5394862FD80}.Release|Any CPU.ActiveCfg = Release|Any CPU
		{3151A2D7-510E-4645-A03F-E5394862FD80}.Release|Any CPU.Build.0 = Release|Any CPU
		{2FF47E9C-6D0F-4A70-967A-396CFB498EE7}.Debug|Any CPU.ActiveCfg = Debug|Any CPU
		{2FF47E9C-6D0F-4A70-967A-396CFB498EE7}.Release|Any CPU.ActiveCfg = Release|Any CPU
		{2FF47E9C-6D0F-4A70-967A-396CFB498EE7}.Release|Any CPU.Build.0 = Release|Any CPU
		{C2C9279C-431A-4D2D-A35F-918E81692BE0}.Debug|Any CPU.ActiveCfg = Debug|Any CPU
		{C2C9279C-431A-4D2D-A35F-918E81692BE0}.Release|Any CPU.ActiveCfg = Release|Any CPU
		{C2C9279C-431A-4D2D-A35F-918E81692BE0}.Release|Any CPU.Build.0 = Release|Any CPU
		{75A218E5-2C45-4CD1-8BC4-0BC385C8B187}.Debug|Any CPU.ActiveCfg = Debug|Any CPU
		{75A218E5-2C45-4CD1-8BC4-0BC385C8B187}.Release|Any CPU.ActiveCfg = Release|Any CPU
		{75A218E5-2C45-4CD1-8BC4-0BC385C8B187}.Release|Any CPU.Build.0 = Release|Any CPU
		{25C5F1FA-A6FD-4578-AA6D-97C5BA671258}.Debug|Any CPU.ActiveCfg = Debug|Any CPU
		{25C5F1FA-A6FD-4578-AA6D-97C5BA671258}.Release|Any CPU.ActiveCfg = Release|Any CPU
		{25C5F1FA-A6FD-4578-AA6D-97C5BA671258}.Release|Any CPU.Build.0 = Release|Any CPU
		{FD0B0A3B-9FD1-40A5-ADC1-ECE8D12F6704}.Debug|Any CPU.ActiveCfg = Debug|Any CPU
		{FD0B0A3B-9FD1-40A5-ADC1-ECE8D12F6704}.Release|Any CPU.ActiveCfg = Release|Any CPU
		{FD0B0A3B-9FD1-40A5-ADC1-ECE8D12F6704}.Release|Any CPU.Build.0 = Release|Any CPU
		{468E6722-051D-4E6D-ADFF-C8C2069B5B02}.Debug|Any CPU.ActiveCfg = Debug|Any CPU
		{468E6722-051D-4E6D-ADFF-C8C2069B5B02}.Release|Any CPU.ActiveCfg = Release|Any CPU
		{468E6722-051D-4E6D-ADFF-C8C2069B5B02}.Release|Any CPU.Build.0 = Release|Any CPU
		{0AD32BB7-EB53-4A33-BE53-C9648ED9C925}.Debug|Any CPU.ActiveCfg = Debug|Any CPU
		{0AD32BB7-EB53-4A33-BE53-C9648ED9C925}.Release|Any CPU.ActiveCfg = Release|Any CPU
		{0AD32BB7-EB53-4A33-BE53-C9648ED9C925}.Release|Any CPU.Build.0 = Release|Any CPU
		{539EC076-B893-4184-9EA6-33F7105936FF}.Debug|Any CPU.ActiveCfg = Debug|Any CPU
		{539EC076-B893-4184-9EA6-33F7105936FF}.Release|Any CPU.ActiveCfg = Release|Any CPU
		{539EC076-B893-4184-9EA6-33F7105936FF}.Release|Any CPU.Build.0 = Release|Any CPU
		{A0B7CC31-44B4-486C-8263-611F8EBB22B2}.Debug|Any CPU.ActiveCfg = Debug|Any CPU
		{A0B7CC31-44B4-486C-8263-611F8EBB22B2}.Release|Any CPU.ActiveCfg = Release|Any CPU
		{A0B7CC31-44B4-486C-8263-611F8EBB22B2}.Release|Any CPU.Build.0 = Release|Any CPU
		{557A6DA4-5B7A-42FC-B97C-BA5D1308A934}.Debug|Any CPU.ActiveCfg = Debug|Any CPU
		{557A6DA4-5B7A-42FC-B97C-BA5D1308A934}.Release|Any CPU.ActiveCfg = Release|Any CPU
		{557A6DA4-5B7A-42FC-B97C-BA5D1308A934}.Release|Any CPU.Build.0 = Release|Any CPU
		{115CB2F7-D2F9-4402-9032-95056DA25528}.Debug|Any CPU.ActiveCfg = Debug|Any CPU
		{115CB2F7-D2F9-4402-9032-95056DA25528}.Release|Any CPU.ActiveCfg = Release|Any CPU
		{115CB2F7-D2F9-4402-9032-95056DA25528}.Release|Any CPU.Build.0 = Release|Any CPU
		{91586976-632E-4450-8FFF-453BC17E79C9}.Debug|Any CPU.ActiveCfg = Debug|Any CPU
		{91586976-632E-4450-8FFF-453BC17E79C9}.Release|Any CPU.ActiveCfg = Release|Any CPU
		{91586976-632E-4450-8FFF-453BC17E79C9}.Release|Any CPU.Build.0 = Release|Any CPU
		{52CF68CF-5790-4202-A139-8A425A20A576}.Debug|Any CPU.ActiveCfg = Debug|Any CPU
		{52CF68CF-5790-4202-A139-8A425A20A576}.Release|Any CPU.ActiveCfg = Release|Any CPU
		{52CF68CF-5790-4202-A139-8A425A20A576}.Release|Any CPU.Build.0 = Release|Any CPU
	EndGlobalSection
	GlobalSection(SolutionProperties) = preSolution
		HideSolutionNode = FALSE
	EndGlobalSection
EndGlobal
