
Microsoft Visual Studio Solution File, Format Version 9.00
# Visual Studio 2005
Project("{54435603-DBB4-11D2-8724-00A0C9A8B90C}") = "Event Academe", "Event Academe\Event Academe.vdproj", "{A80926CE-67BF-45BA-A568-FB924DC8B313}"
EndProject
Global
	GlobalSection(SolutionConfigurationPlatforms) = preSolution
		Debug|Default = Debug|Default
		Release|Default = Release|Default
	EndGlobalSection
	GlobalSection(ProjectConfigurationPlatforms) = postSolution
		{A80926CE-67BF-45BA-A568-FB924DC8B313}.Debug|Default.ActiveCfg = Debug
		{A80926CE-67BF-45BA-A568-FB924DC8B313}.Debug|Default.Build.0 = Debug
		{A80926CE-67BF-45BA-A568-FB924DC8B313}.Release|Default.ActiveCfg = Release
		{A80926CE-67BF-45BA-A568-FB924DC8B313}.Release|Default.Build.0 = Release
	EndGlobalSection
	GlobalSection(SolutionProperties) = preSolution
		HideSolutionNode = FALSE
	EndGlobalSection
EndGlobal
